
Microsoft Visual Studio Solution File, Format Version 12.00
# Visual Studio 14
VisualStudioVersion = 14.0.25420.1
MinimumVisualStudioVersion = 10.0.40219.1
Project("{FAE04EC0-301F-11D3-BF4B-00C04F79EFBC}") = "Arean på en cirkel", "Arean på en cirkel\Arean på en cirkel.csproj", "{CBD26E75-6509-444F-970B-33A68EF7F573}"
EndProject
Global
	GlobalSection(SolutionConfigurationPlatforms) = preSolution
		Debug|Any CPU = Debug|Any CPU
		Release|Any CPU = Release|Any CPU
	EndGlobalSection
	GlobalSection(ProjectConfigurationPlatforms) = postSolution
		{CBD26E75-6509-444F-970B-33A68EF7F573}.Debug|Any CPU.ActiveCfg = Debug|Any CPU
		{CBD26E75-6509-444F-970B-33A68EF7F573}.Debug|Any CPU.Build.0 = Debug|Any CPU
		{CBD26E75-6509-444F-970B-33A68EF7F573}.Release|Any CPU.ActiveCfg = Release|Any CPU
		{CBD26E75-6509-444F-970B-33A68EF7F573}.Release|Any CPU.Build.0 = Release|Any CPU
	EndGlobalSection
	GlobalSection(SolutionProperties) = preSolution
		HideSolutionNode = FALSE
	EndGlobalSection
EndGlobal
